
Microsoft Visual Studio Solution File, Format Version 12.00
# Visual Studio 2012
Project("{FAE04EC0-301F-11D3-BF4B-00C04F79EFBC}") = "DemoApp", "DemoApp\DemoApp.csproj", "{005D23A5-16FA-4F30-987A-99741412C1DF}"
EndProject
Global
	GlobalSection(SolutionConfigurationPlatforms) = preSolution
		Debug|Any CPU = Debug|Any CPU
		Release|Any CPU = Release|Any CPU
	EndGlobalSection
	GlobalSection(ProjectConfigurationPlatforms) = postSolution
		{005D23A5-16FA-4F30-987A-99741412C1DF}.Debug|Any CPU.ActiveCfg = Debug|Any CPU
		{005D23A5-16FA-4F30-987A-99741412C1DF}.Debug|Any CPU.Build.0 = Debug|Any CPU
		{005D23A5-16FA-4F30-987A-99741412C1DF}.Release|Any CPU.ActiveCfg = Release|Any CPU
		{005D23A5-16FA-4F30-987A-99741412C1DF}.Release|Any CPU.Build.0 = Release|Any CPU
	EndGlobalSection
	GlobalSection(SolutionProperties) = preSolution
		HideSolutionNode = FALSE
	EndGlobalSection
EndGlobal
